
Microsoft Visual Studio Solution File, Format Version 12.00
# Visual Studio Version 16
VisualStudioVersion = 16.0.31229.75
MinimumVisualStudioVersion = 10.0.40219.1
Project("{9A19103F-16F7-4668-BE54-9A1E7A4F7556}") = "InstructionSetSimulation.Core", "InstructionSetSimulation.Core\InstructionSetSimulation.Core.csproj", "{A2CA083E-BD06-43A3-B5BC-0F8861923E82}"
EndProject
Project("{9A19103F-16F7-4668-BE54-9A1E7A4F7556}") = "InstructionSetSimulation.WinFormsApp", "InstructionSetSimulation.WinFormsApp\InstructionSetSimulation.WinFormsApp.csproj", "{DFE35D2C-1EA6-4C40-97BE-9D8E7732AD07}"
EndProject
Project("{FAE04EC0-301F-11D3-BF4B-00C04F79EFBC}") = "InstructionSetSimulation.ConsoleApp", "InstructionSetSimulation.ConsoleApp\InstructionSetSimulation.ConsoleApp.csproj", "{225077EF-167C-4932-9CD2-DE52C2445DC6}"
EndProject
Global
	GlobalSection(SolutionConfigurationPlatforms) = preSolution
		Debug|Any CPU = Debug|Any CPU
		Release|Any CPU = Release|Any CPU
	EndGlobalSection
	GlobalSection(ProjectConfigurationPlatforms) = postSolution
		{A2CA083E-BD06-43A3-B5BC-0F8861923E82}.Debug|Any CPU.ActiveCfg = Debug|Any CPU
		{A2CA083E-BD06-43A3-B5BC-0F8861923E82}.Debug|Any CPU.Build.0 = Debug|Any CPU
		{A2CA083E-BD06-43A3-B5BC-0F8861923E82}.Release|Any CPU.ActiveCfg = Release|Any CPU
		{A2CA083E-BD06-43A3-B5BC-0F8861923E82}.Release|Any CPU.Build.0 = Release|Any CPU
		{DFE35D2C-1EA6-4C40-97BE-9D8E7732AD07}.Debug|Any CPU.ActiveCfg = Debug|Any CPU
		{DFE35D2C-1EA6-4C40-97BE-9D8E7732AD07}.Debug|Any CPU.Build.0 = Debug|Any CPU
		{DFE35D2C-1EA6-4C40-97BE-9D8E7732AD07}.Release|Any CPU.ActiveCfg = Release|Any CPU
		{DFE35D2C-1EA6-4C40-97BE-9D8E7732AD07}.Release|Any CPU.Build.0 = Release|Any CPU
		{225077EF-167C-4932-9CD2-DE52C2445DC6}.Debug|Any CPU.ActiveCfg = Debug|Any CPU
		{225077EF-167C-4932-9CD2-DE52C2445DC6}.Debug|Any CPU.Build.0 = Debug|Any CPU
		{225077EF-167C-4932-9CD2-DE52C2445DC6}.Release|Any CPU.ActiveCfg = Release|Any CPU
		{225077EF-167C-4932-9CD2-DE52C2445DC6}.Release|Any CPU.Build.0 = Release|Any CPU
	EndGlobalSection
	GlobalSection(SolutionProperties) = preSolution
		HideSolutionNode = FALSE
	EndGlobalSection
	GlobalSection(ExtensibilityGlobals) = postSolution
		SolutionGuid = {96D48223-1AFC-4C23-8DDF-400DA038ABFD}
	EndGlobalSection
EndGlobal
